
Microsoft Visual Studio Solution File, Format Version 12.00
# Visual Studio Version 16
VisualStudioVersion = 16.0.32929.386
MinimumVisualStudioVersion = 10.0.40219.1
Project("{FAE04EC0-301F-11D3-BF4B-00C04F79EFBC}") = "CorvinMoziApp", "CorvinMoziApp\CorvinMoziApp.csproj", "{9C8A8C4D-FF27-49B2-A959-53C2DE24C3FC}"
EndProject
Global
	GlobalSection(SolutionConfigurationPlatforms) = preSolution
		Debug|Any CPU = Debug|Any CPU
		Release|Any CPU = Release|Any CPU
	EndGlobalSection
	GlobalSection(ProjectConfigurationPlatforms) = postSolution
		{9C8A8C4D-FF27-49B2-A959-53C2DE24C3FC}.Debug|Any CPU.ActiveCfg = Debug|Any CPU
		{9C8A8C4D-FF27-49B2-A959-53C2DE24C3FC}.Debug|Any CPU.Build.0 = Debug|Any CPU
		{9C8A8C4D-FF27-49B2-A959-53C2DE24C3FC}.Release|Any CPU.ActiveCfg = Release|Any CPU
		{9C8A8C4D-FF27-49B2-A959-53C2DE24C3FC}.Release|Any CPU.Build.0 = Release|Any CPU
	EndGlobalSection
	GlobalSection(SolutionProperties) = preSolution
		HideSolutionNode = FALSE
	EndGlobalSection
	GlobalSection(ExtensibilityGlobals) = postSolution
		SolutionGuid = {7B9F86D3-E9E9-4A13-B65E-2849D2F0B564}
	EndGlobalSection
EndGlobal
